{
    "_meta": {
        "hash": {
            "sha256": "bd9d573f09bd527966a44f862f6be62869eaa0fbed470a74a35212fcf2f00e36"
        },
        "pipfile-spec": 6,
        "requires": {
            "python_version": "3.9"
        },
        "sources": [
            {
                "name": "pypi",
                "url": "https://pypi.org/simple",
                "verify_ssl": true
            }
        ]
    },
    "default": {
        "isobar": {
            "hashes": [
                "sha256:0c8aac4a8fb586f6ea18e8ee76dea8b267f9d8acc27e168f908485e7ade33d8a"
            ],
            "index": "pypi",
            "version": "==0.1.1"
        },
        "mido": {
            "hashes": [
                "sha256:0e618232063e0a220249da4961563c7636fea00096cfb3e2b87a4231f0ac1a9e",
                "sha256:17b38a8e4594497b850ec6e78b848eac3661706bfc49d484a36d91335a373499"
            ],
            "version": "==1.2.10"
        },
        "python-osc": {
            "hashes": [
                "sha256:2f8c187c68d239960fb2eddcb5346a62a9b35e64f2de045b3e5e509f475ca73d",
                "sha256:9e2abb2fc9ba2c356f8e951609a03c9c7017bf0bad82cca8490e9b8af9e92a0b"
            ],
            "version": "==1.8.0"
        },
        "python-rtmidi": {
            "hashes": [
                "sha256:04bd95dd86fef3fe8d72838f719d31875f107a842127024bfe276617961eed5d",
                "sha256:0f5409e1b2e92cfe377710a0ea5c450c58fda8b52ec4bf4baf517aa731d9f6a6",
                "sha256:2286ab096a5603430ab1e1a664fe4d96acc40f9443f44c27e911dfad85ea3ac8",
                "sha256:3d4b7fdb477d8036d51cce281b303686114ae676f1c83693db963ab01db11cf5",
                "sha256:4d75788163327f6ac1f898c29e3b4527da83dbc5bab5a7e614b6a4385fde3231",
                "sha256:54d40cb794a6b079105bfb923ab0b4d5f041e9eef5dc5cce25480e4c3e3fc2f6",
                "sha256:5dad7a28035eea9e24aaab4fcb756cd2b78c5b14835aa64750cb4062f77ec169",
                "sha256:69907663e0f167fcf3fc1632a792419d0d9d00550f94dca39370ebda3bc999db",
                "sha256:6f495672ec76700400d4dff6f8848dbd52ca60301ed6011a6a1b3a9e95a7a07e",
                "sha256:7d27d0a70e85d991f1451f286416cf5ef4514292b027155bf91dcae0b8c0d5d2",
                "sha256:8f7e154681c5d6ed7228ce8639708592da758ef4c0f575f7020854e07ca6478b",
                "sha256:bfeb4ed99d0cccf6fa2837566907652ded7adc1c03b69f2160c9de4082301302",
                "sha256:d201516bb1c64511e7e4de50533f6b828072113e3c26f3f5b657f11b90252073"
            ],
            "version": "==1.4.9"
        }
    },
    "develop": {}
}
